{
  "name": "tojson",
  "version": "1.0.0",
  "lockfileVersion": 1,
  "requires": true,
  "dependencies": {
    "@types/estree": {
      "version": "0.0.39",
      "resolved": "https://registry.npm.taobao.org/@types/estree/download/@types/estree-0.0.39.tgz",
      "integrity": "sha1-4Xfmme4bjCLSMXTKqnQiZEOJUJ8="
    },
    "@types/node": {
      "version": "12.11.7",
      "resolved": "https://registry.npm.taobao.org/@types/node/download/@types/node-12.11.7.tgz?cache=0&sync_timestamp=1571938812856&other_urls=https%3A%2F%2Fregistry.npm.taobao.org%2F%40types%2Fnode%2Fdownload%2F%40types%2Fnode-12.11.7.tgz",
      "integrity": "sha1-V2gql3Gj97CcJJfygSmgRilmUko="
    },
    "acorn": {
      "version": "7.1.1",
      "resolved": "https://registry.npmjs.org/acorn/-/acorn-7.1.1.tgz",
      "integrity": "sha512-add7dgA5ppRPxCFJoAGfMDi7PIBXq1RtGo7BhbLaxwrXPOmw8gq48Y9ozT01hUKy9byMjlR20EJhu5zlkErEkg=="
    },
    "rollup": {
      "version": "1.25.2",
      "resolved": "https://registry.npm.taobao.org/rollup/download/rollup-1.25.2.tgz",
      "integrity": "sha1-c59Qi9j37OUrtsH82oNGavgrf20=",
      "requires": {
        "@types/estree": "*",
        "@types/node": "*",
        "acorn": "^7.1.0"
      }
    }
  }
}
