{
  "name": "flow-demo",
  "version": "1.0.0",
  "lockfileVersion": 1,
  "requires": true,
  "dependencies": {
    "flow-bin": {
      "version": "0.112.0",
      "resolved": "https://registry.npm.taobao.org/flow-bin/download/flow-bin-0.112.0.tgz",
      "integrity": "sha1-aiHDGTfEovI6dQBWo2TFmKleohY="
    },
    "flow-parser": {
      "version": "0.112.0",
      "resolved": "https://registry.npm.taobao.org/flow-parser/download/flow-parser-0.112.0.tgz",
      "integrity": "sha1-k415SQaPFHoZbrwr2YLqBmsCTfU="
    },
    "flow-remove-types": {
      "version": "2.112.0",
      "resolved": "https://registry.npm.taobao.org/flow-remove-types/download/flow-remove-types-2.112.0.tgz",
      "integrity": "sha1-lxZ5ATW7twbOdqQG8VoNsqiUWnQ=",
      "requires": {
        "flow-parser": "^0.112.0",
        "pirates": "^3.0.2",
        "vlq": "^0.2.1"
      }
    },
    "node-modules-regexp": {
      "version": "1.0.0",
      "resolved": "https://registry.npm.taobao.org/node-modules-regexp/download/node-modules-regexp-1.0.0.tgz",
      "integrity": "sha1-jZ2+KJZKSsVxLpExZCEHxx6Q7EA="
    },
    "pirates": {
      "version": "3.0.2",
      "resolved": "https://registry.npm.taobao.org/pirates/download/pirates-3.0.2.tgz",
      "integrity": "sha1-fm+FQT/ZFhq04StTmwYBDYWVS7k=",
      "requires": {
        "node-modules-regexp": "^1.0.0"
      }
    },
    "vlq": {
      "version": "0.2.3",
      "resolved": "https://registry.npm.taobao.org/vlq/download/vlq-0.2.3.tgz",
      "integrity": "sha1-jz5DKM9jsVQMDWfhsneDhviXWyY="
    }
  }
}
